
Microsoft Visual Studio Solution File, Format Version 12.00
# Visual Studio Version 16
VisualStudioVersion = 16.0.30517.126
MinimumVisualStudioVersion = 10.0.40219.1
Project("{FAE04EC0-301F-11D3-BF4B-00C04F79EFBC}") = "CSE Hankers", "CSE Hankers.csproj", "{BCE388DF-B213-48D8-965D-03EAF360B427}"
EndProject
Global
	GlobalSection(SolutionConfigurationPlatforms) = preSolution
		Debug|Any CPU = Debug|Any CPU
		Release|Any CPU = Release|Any CPU
	EndGlobalSection
	GlobalSection(ProjectConfigurationPlatforms) = postSolution
		{BCE388DF-B213-48D8-965D-03EAF360B427}.Debug|Any CPU.ActiveCfg = Debug|Any CPU
		{BCE388DF-B213-48D8-965D-03EAF360B427}.Debug|Any CPU.Build.0 = Debug|Any CPU
		{BCE388DF-B213-48D8-965D-03EAF360B427}.Release|Any CPU.ActiveCfg = Release|Any CPU
		{BCE388DF-B213-48D8-965D-03EAF360B427}.Release|Any CPU.Build.0 = Release|Any CPU
	EndGlobalSection
	GlobalSection(SolutionProperties) = preSolution
		HideSolutionNode = FALSE
	EndGlobalSection
	GlobalSection(ExtensibilityGlobals) = postSolution
		SolutionGuid = {ED2F8B91-120E-4F37-8933-530E05ABB4CB}
	EndGlobalSection
EndGlobal
